
Microsoft Visual Studio Solution File, Format Version 12.00
# Visual Studio Version 17
VisualStudioVersion = 17.5.002.0
MinimumVisualStudioVersion = 10.0.40219.1
Project("{2150E333-8FDC-42A3-9474-1A3956D46DE8}") = "GameStore", "GameStore", "{C651CDDF-F434-4197-AD72-A44F1621086B}"
EndProject
Project("{9A19103F-16F7-4668-BE54-9A1E7A4F7556}") = "GameStore.Api", "GameStore\GameStore.Api\GameStore.Api.csproj", "{23AA036B-EE8A-443B-812F-9F8EF0F5EA9C}"
EndProject
Global
	GlobalSection(SolutionConfigurationPlatforms) = preSolution
		Debug|Any CPU = Debug|Any CPU
		Release|Any CPU = Release|Any CPU
	EndGlobalSection
	GlobalSection(ProjectConfigurationPlatforms) = postSolution
		{23AA036B-EE8A-443B-812F-9F8EF0F5EA9C}.Debug|Any CPU.ActiveCfg = Debug|Any CPU
		{23AA036B-EE8A-443B-812F-9F8EF0F5EA9C}.Debug|Any CPU.Build.0 = Debug|Any CPU
		{23AA036B-EE8A-443B-812F-9F8EF0F5EA9C}.Release|Any CPU.ActiveCfg = Release|Any CPU
		{23AA036B-EE8A-443B-812F-9F8EF0F5EA9C}.Release|Any CPU.Build.0 = Release|Any CPU
	EndGlobalSection
	GlobalSection(SolutionProperties) = preSolution
		HideSolutionNode = FALSE
	EndGlobalSection
	GlobalSection(NestedProjects) = preSolution
		{23AA036B-EE8A-443B-812F-9F8EF0F5EA9C} = {C651CDDF-F434-4197-AD72-A44F1621086B}
	EndGlobalSection
	GlobalSection(ExtensibilityGlobals) = postSolution
		SolutionGuid = {F596304A-9C36-497F-9E7F-B97141F1B50D}
	EndGlobalSection
EndGlobal
